
Microsoft Visual Studio Solution File, Format Version 12.00
# Visual Studio Version 16
VisualStudioVersion = 16.0.30621.155
MinimumVisualStudioVersion = 10.0.40219.1
Project("{FAE04EC0-301F-11D3-BF4B-00C04F79EFBC}") = "Vjezba1", "Vjezba1.csproj", "{C67C39EB-E37B-46D9-A31E-C96991193106}"
EndProject
Global
	GlobalSection(SolutionConfigurationPlatforms) = preSolution
		Debug|Any CPU = Debug|Any CPU
		Release|Any CPU = Release|Any CPU
	EndGlobalSection
	GlobalSection(ProjectConfigurationPlatforms) = postSolution
		{C67C39EB-E37B-46D9-A31E-C96991193106}.Debug|Any CPU.ActiveCfg = Debug|Any CPU
		{C67C39EB-E37B-46D9-A31E-C96991193106}.Debug|Any CPU.Build.0 = Debug|Any CPU
		{C67C39EB-E37B-46D9-A31E-C96991193106}.Release|Any CPU.ActiveCfg = Release|Any CPU
		{C67C39EB-E37B-46D9-A31E-C96991193106}.Release|Any CPU.Build.0 = Release|Any CPU
	EndGlobalSection
	GlobalSection(SolutionProperties) = preSolution
		HideSolutionNode = FALSE
	EndGlobalSection
	GlobalSection(ExtensibilityGlobals) = postSolution
		SolutionGuid = {48891098-99B9-49F0-8F59-644E20EB3B1C}
	EndGlobalSection
EndGlobal
